Microsoft Visual Studio Solution File, Format Version 12.00
# Visual Studio Version 17
VisualStudioVersion = 17.5.2.0
MinimumVisualStudioVersion = 10.0.40219.1
Project("{FAE04EC0-301F-11D3-BF4B-00C04F79EFBC}") = "TribWebApp", "TribWebApp\TribWebApp.csproj", "{2FB85BDD-CFC0-8AFD-E137-ADEDE52F6FE9}"
EndProject
Global
	GlobalSection(SolutionConfigurationPlatforms) = preSolution
		Debug|Any CPU = Debug|Any CPU
		Release|Any CPU = Release|Any CPU
	EndGlobalSection
	GlobalSection(ProjectConfigurationPlatforms) = postSolution
		{2FB85BDD-CFC0-8AFD-E137-ADEDE52F6FE9}.Debug|Any CPU.ActiveCfg = Debug|Any CPU
		{2FB85BDD-CFC0-8AFD-E137-ADEDE52F6FE9}.Debug|Any CPU.Build.0 = Debug|Any CPU
		{2FB85BDD-CFC0-8AFD-E137-ADEDE52F6FE9}.Release|Any CPU.ActiveCfg = Release|Any CPU
		{2FB85BDD-CFC0-8AFD-E137-ADEDE52F6FE9}.Release|Any CPU.Build.0 = Release|Any CPU
	EndGlobalSection
	GlobalSection(SolutionProperties) = preSolution
		HideSolutionNode = FALSE
	EndGlobalSection
	GlobalSection(ExtensibilityGlobals) = postSolution
		SolutionGuid = {5E54F67F-4697-4A30-B8A3-B52E85BF0D57}
	EndGlobalSection
EndGlobal
