Microsoft Visual Studio Solution File, Format Version 12.00
# Visual Studio Version 17
VisualStudioVersion = 17.5.2.0
MinimumVisualStudioVersion = 10.0.40219.1
Project("{FAE04EC0-301F-11D3-BF4B-00C04F79EFBC}") = "TribWebApp", "TribWebApp\TribWebApp.csproj", "{2FB85BDD-CFC0-8AFD-E137-ADEDE52F6FE9}"
EndProject
Project("{2150E333-8FDC-42A3-9474-1A3956D46DE8}") = "src", "src", "{02EA681E-C7D8-13C7-8484-4AC65E1B71E8}"
EndProject
Project("{2150E333-8FDC-42A3-9474-1A3956D46DE8}") = "core", "core", "{F6B33BBE-2DA3-4454-A0C1-92917857FF6F}"
EndProject
Project("{2150E333-8FDC-42A3-9474-1A3956D46DE8}") = "external", "external", "{24D899EC-C81F-4375-8AAE-B7110DB98EC8}"
EndProject
Project("{FAE04EC0-301F-11D3-BF4B-00C04F79EFBC}") = "Domain", "src\core\Domain\Domain.csproj", "{C2A6755A-3AF1-4B8B-8778-62421236BFB2}"
EndProject
Project("{FAE04EC0-301F-11D3-BF4B-00C04F79EFBC}") = "Application", "src\core\Application\Application.csproj", "{45A0A554-DF21-4D43-9311-9EF9ECEB382A}"
EndProject
Project("{2150E333-8FDC-42A3-9474-1A3956D46DE8}") = "cross_functional", "cross_functional", "{53934F79-39EB-4A7D-93B7-F0BD0B0C90B2}"
EndProject
Project("{FAE04EC0-301F-11D3-BF4B-00C04F79EFBC}") = "Commons", "src\cross_functional\Commons\Commons.csproj", "{9B081A6E-D714-4F8B-BDFC-537AADF6FC0C}"
EndProject
Project("{FAE04EC0-301F-11D3-BF4B-00C04F79EFBC}") = "Database", "src\external\Database\Database.csproj", "{FD7A926E-0988-4716-8388-D819E509665D}"
EndProject
Global
	GlobalSection(SolutionConfigurationPlatforms) = preSolution
		Debug|Any CPU = Debug|Any CPU
		Release|Any CPU = Release|Any CPU
	EndGlobalSection
	GlobalSection(ProjectConfigurationPlatforms) = postSolution
		{2FB85BDD-CFC0-8AFD-E137-ADEDE52F6FE9}.Debug|Any CPU.ActiveCfg = Debug|Any CPU
		{2FB85BDD-CFC0-8AFD-E137-ADEDE52F6FE9}.Debug|Any CPU.Build.0 = Debug|Any CPU
		{2FB85BDD-CFC0-8AFD-E137-ADEDE52F6FE9}.Release|Any CPU.ActiveCfg = Release|Any CPU
		{2FB85BDD-CFC0-8AFD-E137-ADEDE52F6FE9}.Release|Any CPU.Build.0 = Release|Any CPU
		{C2A6755A-3AF1-4B8B-8778-62421236BFB2}.Debug|Any CPU.ActiveCfg = Debug|Any CPU
		{C2A6755A-3AF1-4B8B-8778-62421236BFB2}.Debug|Any CPU.Build.0 = Debug|Any CPU
		{C2A6755A-3AF1-4B8B-8778-62421236BFB2}.Release|Any CPU.ActiveCfg = Release|Any CPU
		{C2A6755A-3AF1-4B8B-8778-62421236BFB2}.Release|Any CPU.Build.0 = Release|Any CPU
		{45A0A554-DF21-4D43-9311-9EF9ECEB382A}.Debug|Any CPU.ActiveCfg = Debug|Any CPU
		{45A0A554-DF21-4D43-9311-9EF9ECEB382A}.Debug|Any CPU.Build.0 = Debug|Any CPU
		{45A0A554-DF21-4D43-9311-9EF9ECEB382A}.Release|Any CPU.ActiveCfg = Release|Any CPU
		{45A0A554-DF21-4D43-9311-9EF9ECEB382A}.Release|Any CPU.Build.0 = Release|Any CPU
		{9B081A6E-D714-4F8B-BDFC-537AADF6FC0C}.Debug|Any CPU.ActiveCfg = Debug|Any CPU
		{9B081A6E-D714-4F8B-BDFC-537AADF6FC0C}.Debug|Any CPU.Build.0 = Debug|Any CPU
		{9B081A6E-D714-4F8B-BDFC-537AADF6FC0C}.Release|Any CPU.ActiveCfg = Release|Any CPU
		{9B081A6E-D714-4F8B-BDFC-537AADF6FC0C}.Release|Any CPU.Build.0 = Release|Any CPU
		{FD7A926E-0988-4716-8388-D819E509665D}.Debug|Any CPU.ActiveCfg = Debug|Any CPU
		{FD7A926E-0988-4716-8388-D819E509665D}.Debug|Any CPU.Build.0 = Debug|Any CPU
		{FD7A926E-0988-4716-8388-D819E509665D}.Release|Any CPU.ActiveCfg = Release|Any CPU
		{FD7A926E-0988-4716-8388-D819E509665D}.Release|Any CPU.Build.0 = Release|Any CPU
	EndGlobalSection
	GlobalSection(SolutionProperties) = preSolution
		HideSolutionNode = FALSE
	EndGlobalSection
	GlobalSection(NestedProjects) = preSolution
		{F6B33BBE-2DA3-4454-A0C1-92917857FF6F} = {02EA681E-C7D8-13C7-8484-4AC65E1B71E8}
		{24D899EC-C81F-4375-8AAE-B7110DB98EC8} = {02EA681E-C7D8-13C7-8484-4AC65E1B71E8}
		{C2A6755A-3AF1-4B8B-8778-62421236BFB2} = {F6B33BBE-2DA3-4454-A0C1-92917857FF6F}
		{45A0A554-DF21-4D43-9311-9EF9ECEB382A} = {F6B33BBE-2DA3-4454-A0C1-92917857FF6F}
		{53934F79-39EB-4A7D-93B7-F0BD0B0C90B2} = {02EA681E-C7D8-13C7-8484-4AC65E1B71E8}
		{9B081A6E-D714-4F8B-BDFC-537AADF6FC0C} = {53934F79-39EB-4A7D-93B7-F0BD0B0C90B2}
		{FD7A926E-0988-4716-8388-D819E509665D} = {24D899EC-C81F-4375-8AAE-B7110DB98EC8}
	EndGlobalSection
	GlobalSection(ExtensibilityGlobals) = postSolution
		SolutionGuid = {5E54F67F-4697-4A30-B8A3-B52E85BF0D57}
	EndGlobalSection
EndGlobal
